
Microsoft Visual Studio Solution File, Format Version 12.00
# Visual Studio 14
VisualStudioVersion = 14.0.25420.1
MinimumVisualStudioVersion = 10.0.40219.1
Project("{FAE04EC0-301F-11D3-BF4B-00C04F79EFBC}") = "CentroMedico.Datos", "CentroMedico.Datos\CentroMedico.Datos.csproj", "{8B8538A7-8F28-4F61-A6A1-CA327A84C6B0}"
EndProject
Project("{FAE04EC0-301F-11D3-BF4B-00C04F79EFBC}") = "CentroMedico.Negocio", "CentroMedico.Negocio\CentroMedico.Negocio.csproj", "{9C4A6CDE-DEDC-49DE-B6F1-F378992FB07A}"
EndProject
Project("{FAE04EC0-301F-11D3-BF4B-00C04F79EFBC}") = "CentroMedico.Servicios", "CentroMedico.Servicios\CentroMedico.Servicios.csproj", "{1737D51C-FD7F-44B7-9B28-AE371458B5ED}"
EndProject
Project("{FAE04EC0-301F-11D3-BF4B-00C04F79EFBC}") = "CentroMedico.Mvc", "CentroMedico.Mvc\CentroMedico.Mvc.csproj", "{0020C14F-C9B6-4B08-A018-276241FB2965}"
	ProjectSection(ProjectDependencies) = postProject
		{1737D51C-FD7F-44B7-9B28-AE371458B5ED} = {1737D51C-FD7F-44B7-9B28-AE371458B5ED}
	EndProjectSection
EndProject
Project("{FAE04EC0-301F-11D3-BF4B-00C04F79EFBC}") = "ConsoleApplication1", "ConsoleApplication1\ConsoleApplication1.csproj", "{4648FDB5-AFE3-487A-852A-76432E775F4F}"
	ProjectSection(ProjectDependencies) = postProject
		{1737D51C-FD7F-44B7-9B28-AE371458B5ED} = {1737D51C-FD7F-44B7-9B28-AE371458B5ED}
	EndProjectSection
EndProject
Global
	GlobalSection(SolutionConfigurationPlatforms) = preSolution
		Debug|Any CPU = Debug|Any CPU
		Release|Any CPU = Release|Any CPU
	EndGlobalSection
	GlobalSection(ProjectConfigurationPlatforms) = postSolution
		{8B8538A7-8F28-4F61-A6A1-CA327A84C6B0}.Debug|Any CPU.ActiveCfg = Debug|Any CPU
		{8B8538A7-8F28-4F61-A6A1-CA327A84C6B0}.Debug|Any CPU.Build.0 = Debug|Any CPU
		{8B8538A7-8F28-4F61-A6A1-CA327A84C6B0}.Release|Any CPU.ActiveCfg = Release|Any CPU
		{8B8538A7-8F28-4F61-A6A1-CA327A84C6B0}.Release|Any CPU.Build.0 = Release|Any CPU
		{9C4A6CDE-DEDC-49DE-B6F1-F378992FB07A}.Debug|Any CPU.ActiveCfg = Debug|Any CPU
		{9C4A6CDE-DEDC-49DE-B6F1-F378992FB07A}.Debug|Any CPU.Build.0 = Debug|Any CPU
		{9C4A6CDE-DEDC-49DE-B6F1-F378992FB07A}.Release|Any CPU.ActiveCfg = Release|Any CPU
		{9C4A6CDE-DEDC-49DE-B6F1-F378992FB07A}.Release|Any CPU.Build.0 = Release|Any CPU
		{1737D51C-FD7F-44B7-9B28-AE371458B5ED}.Debug|Any CPU.ActiveCfg = Debug|Any CPU
		{1737D51C-FD7F-44B7-9B28-AE371458B5ED}.Debug|Any CPU.Build.0 = Debug|Any CPU
		{1737D51C-FD7F-44B7-9B28-AE371458B5ED}.Release|Any CPU.ActiveCfg = Release|Any CPU
		{1737D51C-FD7F-44B7-9B28-AE371458B5ED}.Release|Any CPU.Build.0 = Release|Any CPU
		{0020C14F-C9B6-4B08-A018-276241FB2965}.Debug|Any CPU.ActiveCfg = Debug|Any CPU
		{0020C14F-C9B6-4B08-A018-276241FB2965}.Debug|Any CPU.Build.0 = Debug|Any CPU
		{0020C14F-C9B6-4B08-A018-276241FB2965}.Release|Any CPU.ActiveCfg = Release|Any CPU
		{0020C14F-C9B6-4B08-A018-276241FB2965}.Release|Any CPU.Build.0 = Release|Any CPU
		{4648FDB5-AFE3-487A-852A-76432E775F4F}.Debug|Any CPU.ActiveCfg = Debug|Any CPU
		{4648FDB5-AFE3-487A-852A-76432E775F4F}.Debug|Any CPU.Build.0 = Debug|Any CPU
		{4648FDB5-AFE3-487A-852A-76432E775F4F}.Release|Any CPU.ActiveCfg = Release|Any CPU
		{4648FDB5-AFE3-487A-852A-76432E775F4F}.Release|Any CPU.Build.0 = Release|Any CPU
	EndGlobalSection
	GlobalSection(SolutionProperties) = preSolution
		HideSolutionNode = FALSE
	EndGlobalSection
EndGlobal
